
Microsoft Visual Studio Solution File, Format Version 12.00
# Visual Studio Version 16
VisualStudioVersion = 16.0.31515.178
MinimumVisualStudioVersion = 10.0.40219.1
Project("{FAE04EC0-301F-11D3-BF4B-00C04F79EFBC}") = "Lift.App", "src\Lift.App\Lift.App.csproj", "{4412E906-E313-441C-9F03-F2CD98670512}"
EndProject
Project("{FAE04EC0-301F-11D3-BF4B-00C04F79EFBC}") = "Lift.Domain", "src\Lift.Domain\Lift.Domain.csproj", "{EC8BBDC6-7625-4B87-B8AA-581E7EEEA971}"
EndProject
Project("{FAE04EC0-301F-11D3-BF4B-00C04F79EFBC}") = "Lift.Infra", "src\Lift.Infra\Lift.Infra.csproj", "{A89C2238-0172-44DB-BF2D-42EA06EE4271}"
EndProject
Project("{2150E333-8FDC-42A3-9474-1A3956D46DE8}") = "Solution Items", "Solution Items", "{24F67BC7-4D06-459F-9CAB-3CCA18A634CC}"
	ProjectSection(SolutionItems) = preProject
		.editorconfig = .editorconfig
	EndProjectSection
EndProject
Project("{FAE04EC0-301F-11D3-BF4B-00C04F79EFBC}") = "Lift.Test", "src\Lift.Test\Lift.Test.csproj", "{F1B89922-E023-4CEC-B4FB-1C00A234A00C}"
EndProject
Global
	GlobalSection(SolutionConfigurationPlatforms) = preSolution
		Debug|Any CPU = Debug|Any CPU
		Release|Any CPU = Release|Any CPU
	EndGlobalSection
	GlobalSection(ProjectConfigurationPlatforms) = postSolution
		{4412E906-E313-441C-9F03-F2CD98670512}.Debug|Any CPU.ActiveCfg = Debug|Any CPU
		{4412E906-E313-441C-9F03-F2CD98670512}.Debug|Any CPU.Build.0 = Debug|Any CPU
		{4412E906-E313-441C-9F03-F2CD98670512}.Release|Any CPU.ActiveCfg = Release|Any CPU
		{4412E906-E313-441C-9F03-F2CD98670512}.Release|Any CPU.Build.0 = Release|Any CPU
		{EC8BBDC6-7625-4B87-B8AA-581E7EEEA971}.Debug|Any CPU.ActiveCfg = Debug|Any CPU
		{EC8BBDC6-7625-4B87-B8AA-581E7EEEA971}.Debug|Any CPU.Build.0 = Debug|Any CPU
		{EC8BBDC6-7625-4B87-B8AA-581E7EEEA971}.Release|Any CPU.ActiveCfg = Release|Any CPU
		{EC8BBDC6-7625-4B87-B8AA-581E7EEEA971}.Release|Any CPU.Build.0 = Release|Any CPU
		{A89C2238-0172-44DB-BF2D-42EA06EE4271}.Debug|Any CPU.ActiveCfg = Debug|Any CPU
		{A89C2238-0172-44DB-BF2D-42EA06EE4271}.Debug|Any CPU.Build.0 = Debug|Any CPU
		{A89C2238-0172-44DB-BF2D-42EA06EE4271}.Release|Any CPU.ActiveCfg = Release|Any CPU
		{A89C2238-0172-44DB-BF2D-42EA06EE4271}.Release|Any CPU.Build.0 = Release|Any CPU
		{F1B89922-E023-4CEC-B4FB-1C00A234A00C}.Debug|Any CPU.ActiveCfg = Debug|Any CPU
		{F1B89922-E023-4CEC-B4FB-1C00A234A00C}.Debug|Any CPU.Build.0 = Debug|Any CPU
		{F1B89922-E023-4CEC-B4FB-1C00A234A00C}.Release|Any CPU.ActiveCfg = Release|Any CPU
		{F1B89922-E023-4CEC-B4FB-1C00A234A00C}.Release|Any CPU.Build.0 = Release|Any CPU
	EndGlobalSection
	GlobalSection(SolutionProperties) = preSolution
		HideSolutionNode = FALSE
	EndGlobalSection
	GlobalSection(ExtensibilityGlobals) = postSolution
		SolutionGuid = {27FBC710-51AA-47BB-9531-73B34F37161E}
	EndGlobalSection
EndGlobal
